// !$*UTF8*$!
{
	archiveVersion = 1;
	classes = {
	};
	objectVersion = 50;
	objects = {

/* Begin PBXBuildFile section */
		DB395A9726686BB8008105FD /* ImagesView.swift in Sources */ = {isa = PBXBuildFile; fileRef = DB395A9626686BB8008105FD /* ImagesView.swift */; };
		DB6AD5AC266E947500593389 /* MapView.swift in Sources */ = {isa = PBXBuildFile; fileRef = DB6AD5AB266E947500593389 /* MapView.swift */; };
		DB6AD5AE266F9C8100593389 /* MainView.swift in Sources */ = {isa = PBXBuildFile; fileRef = DB6AD5AD266F9C8100593389 /* MainView.swift */; };
		DB6AD5B4266FAA1F00593389 /* Programmer.swift in Sources */ = {isa = PBXBuildFile; fileRef = DB6AD5B3266FAA1F00593389 /* Programmer.swift */; };
		DB746A282666D0970067280D /* SwiftApp.swift in Sources */ = {isa = PBXBuildFile; fileRef = DB746A272666D0970067280D /* SwiftApp.swift */; };
		DB746A2A2666D0970067280D /* ContentView.swift in Sources */ = {isa = PBXBuildFile; fileRef = DB746A292666D0970067280D /* ContentView.swift */; };
		DB746A2C2666D09B0067280D /* Assets.xcassets in Resources */ = {isa = PBXBuildFile; fileRef = DB746A2B2666D09B0067280D /* Assets.xcassets */; };
		DB746A2F2666D09B0067280D /* Preview Assets.xcassets in Resources */ = {isa = PBXBuildFile; fileRef = DB746A2E2666D09B0067280D /* Preview Assets.xcassets */; };
		DBA8F7352670F1390066B397 /* RowView.swift in Sources */ = {isa = PBXBuildFile; fileRef = DBA8F7342670F1390066B397 /* RowView.swift */; };
		DBA8F7372670FE290066B397 /* ListView.swift in Sources */ = {isa = PBXBuildFile; fileRef = DBA8F7362670FE290066B397 /* ListView.swift */; };
/* End PBXBuildFile section */

/* Begin PBXFileReference section */
		DB395A9626686BB8008105FD /* ImagesView.swift */ = {isa = PBXFileReference; lastKnownFileType = sourcecode.swift; path = ImagesView.swift; sourceTree = "<group>"; };
		DB6AD5AB266E947500593389 /* MapView.swift */ = {isa = PBXFileReference; lastKnownFileType = sourcecode.swift; path = MapView.swift; sourceTree = "<group>"; };
		DB6AD5AD266F9C8100593389 /* MainView.swift */ = {isa = PBXFileReference; lastKnownFileType = sourcecode.swift; path = MainView.swift; sourceTree = "<group>"; };
		DB6AD5B3266FAA1F00593389 /* Programmer.swift */ = {isa = PBXFileReference; lastKnownFileType = sourcecode.swift; path = Programmer.swift; sourceTree = "<group>"; };
		DB746A242666D0970067280D /* proyecto.app */ = {isa = PBXFileReference; explicitFileType = wrapper.application; includeInIndex = 0; path = proyecto.app; sourceTree = BUILT_PRODUCTS_DIR; };
		DB746A272666D0970067280D /* SwiftApp.swift */ = {isa = PBXFileReference; lastKnownFileType = sourcecode.swift; path = SwiftApp.swift; sourceTree = "<group>"; };
		DB746A292666D0970067280D /* ContentView.swift */ = {isa = PBXFileReference; lastKnownFileType = sourcecode.swift; path = ContentView.swift; sourceTree = "<group>"; };
		DB746A2B2666D09B0067280D /* Assets.xcassets */ = {isa = PBXFileReference; lastKnownFileType = folder.assetcatalog; path = Assets.xcassets; sourceTree = "<group>"; };
		DB746A2E2666D09B0067280D /* Preview Assets.xcassets */ = {isa = PBXFileReference; lastKnownFileType = folder.assetcatalog; path = "Preview Assets.xcassets"; sourceTree = "<group>"; };
		DB746A302666D09B0067280D /* Info.plist */ = {isa = PBXFileReference; lastKnownFileType = text.plist.xml; path = Info.plist; sourceTree = "<group>"; };
		DBA8F7342670F1390066B397 /* RowView.swift */ = {isa = PBXFileReference; lastKnownFileType = sourcecode.swift; path = RowView.swift; sourceTree = "<group>"; };
		DBA8F7362670FE290066B397 /* ListView.swift */ = {isa = PBXFileReference; lastKnownFileType = sourcecode.swift; path = ListView.swift; sourceTree = "<group>"; };
/* End PBXFileReference section */

/* Begin PBXFrameworksBuildPhase section */
		DB746A212666D0970067280D /* Frameworks */ = {
			isa = PBXFrameworksBuildPhase;
			buildActionMask = 2147483647;
			files = (
			);
			runOnlyForDeploymentPostprocessing = 0;
		};
/* End PBXFrameworksBuildPhase section */

/* Begin PBXGroup section */
		DB6AD5B2266FAA0100593389 /* Data */ = {
			isa = PBXGroup;
			children = (
				DB6AD5B3266FAA1F00593389 /* Programmer.swift */,
			);
			path = Data;
			sourceTree = "<group>";
		};
		DB746A1B2666D0970067280D = {
			isa = PBXGroup;
			children = (
				DB6AD5B2266FAA0100593389 /* Data */,
				DB746A262666D0970067280D /* Swift */,
				DB746A252666D0970067280D /* Products */,
			);
			sourceTree = "<group>";
		};
		DB746A252666D0970067280D /* Products */ = {
			isa = PBXGroup;
			children = (
				DB746A242666D0970067280D /* proyecto.app */,
			);
			name = Products;
			sourceTree = "<group>";
		};
		DB746A262666D0970067280D /* Swift */ = {
			isa = PBXGroup;
			children = (
				DB746A272666D0970067280D /* SwiftApp.swift */,
				DB746A292666D0970067280D /* ContentView.swift */,
				DB6AD5AB266E947500593389 /* MapView.swift */,
				DB395A9626686BB8008105FD /* ImagesView.swift */,
				DB6AD5AD266F9C8100593389 /* MainView.swift */,
				DBA8F7342670F1390066B397 /* RowView.swift */,
				DBA8F7362670FE290066B397 /* ListView.swift */,
				DB746A2B2666D09B0067280D /* Assets.xcassets */,
				DB746A302666D09B0067280D /* Info.plist */,
				DB746A2D2666D09B0067280D /* Preview Content */,
			);
			path = Swift;
			sourceTree = "<group>";
		};
		DB746A2D2666D09B0067280D /* Preview Content */ = {
			isa = PBXGroup;
			children = (
				DB746A2E2666D09B0067280D /* Preview Assets.xcassets */,
			);
			path = "Preview Content";
			sourceTree = "<group>";
		};
/* End PBXGroup section */

/* Begin PBXNativeTarget section */
		DB746A232666D0970067280D /* proyecto */ = {
			isa = PBXNativeTarget;
			buildConfigurationList = DB746A332666D09B0067280D /* Build configuration list for PBXNativeTarget "proyecto" */;
			buildPhases = (
				DB746A202666D0970067280D /* Sources */,
				DB746A212666D0970067280D /* Frameworks */,
				DB746A222666D0970067280D /* Resources */,
			);
			buildRules = (
			);
			dependencies = (
			);
			name = proyecto;
			productName = Swift;
			productReference = DB746A242666D0970067280D /* proyecto.app */;
			productType = "com.apple.product-type.application";
		};
/* End PBXNativeTarget section */

/* Begin PBXProject section */
		DB746A1C2666D0970067280D /* Project object */ = {
			isa = PBXProject;
			attributes = {
				LastSwiftUpdateCheck = 1250;
				LastUpgradeCheck = 1250;
				TargetAttributes = {
					DB746A232666D0970067280D = {
						CreatedOnToolsVersion = 12.5;
					};
				};
			};
			buildConfigurationList = DB746A1F2666D0970067280D /* Build configuration list for PBXProject "proyecto" */;
			compatibilityVersion = "Xcode 9.3";
			developmentRegion = en;
			hasScannedForEncodings = 0;
			knownRegions = (
				en,
				Base,
			);
			mainGroup = DB746A1B2666D0970067280D;
			productRefGroup = DB746A252666D0970067280D /* Products */;
			projectDirPath = "";
			projectRoot = "";
			targets = (
				DB746A232666D0970067280D /* proyecto */,
			);
		};
/* End PBXProject section */

/* Begin PBXResourcesBuildPhase section */
		DB746A222666D0970067280D /* Resources */ = {
			isa = PBXResourcesBuildPhase;
			buildActionMask = 2147483647;
			files = (
				DB746A2F2666D09B0067280D /* Preview Assets.xcassets in Resources */,
				DB746A2C2666D09B0067280D /* Assets.xcassets in Resources */,
			);
			runOnlyForDeploymentPostprocessing = 0;
		};
/* End PBXResourcesBuildPhase section */

/* Begin PBXSourcesBuildPhase section */
		DB746A202666D0970067280D /* Sources */ = {
			isa = PBXSourcesBuildPhase;
			buildActionMask = 2147483647;
			files = (
				DBA8F7372670FE290066B397 /* ListView.swift in Sources */,
				DB746A2A2666D0970067280D /* ContentView.swift in Sources */,
				DB6AD5B4266FAA1F00593389 /* Programmer.swift in Sources */,
				DBA8F7352670F1390066B397 /* RowView.swift in Sources */,
				DB6AD5AC266E947500593389 /* MapView.swift in Sources */,
				DB746A282666D0970067280D /* SwiftApp.swift in Sources */,
				DB6AD5AE266F9C8100593389 /* MainView.swift in Sources */,
				DB395A9726686BB8008105FD /* ImagesView.swift in Sources */,
			);
			runOnlyForDeploymentPostprocessing = 0;
		};
/* End PBXSourcesBuildPhase section */

/* Begin XCBuildConfiguration section */
		DB746A312666D09B0067280D /* Debug */ = {
			isa = XCBuildConfiguration;
			buildSettings = {
				ALWAYS_SEARCH_USER_PATHS = NO;
				CLANG_ANALYZER_NONNULL = YES;
				CLANG_ANALYZER_NUMBER_OBJECT_CONVERSION = YES_AGGRESSIVE;
				CLANG_CXX_LANGUAGE_STANDARD = "gnu++14";
				CLANG_CXX_LIBRARY = "libc++";
				CLANG_ENABLE_MODULES = YES;
				CLANG_ENABLE_OBJC_ARC = YES;
				CLANG_ENABLE_OBJC_WEAK = YES;
				CLANG_WARN_BLOCK_CAPTURE_AUTORELEASING = YES;
				CLANG_WARN_BOOL_CONVERSION = YES;
				CLANG_WARN_COMMA = YES;
				CLANG_WARN_CONSTANT_CONVERSION = YES;
				CLANG_WARN_DEPRECATED_OBJC_IMPLEMENTATIONS = YES;
				CLANG_WARN_DIRECT_OBJC_ISA_USAGE = YES_ERROR;
				CLANG_WARN_DOCUMENTATION_COMMENTS = YES;
				CLANG_WARN_EMPTY_BODY = YES;
				CLANG_WARN_ENUM_CONVERSION = YES;
				CLANG_WARN_INFINITE_RECURSION = YES;
				CLANG_WARN_INT_CONVERSION = YES;
				CLANG_WARN_NON_LITERAL_NULL_CONVERSION = YES;
				CLANG_WARN_OBJC_IMPLICIT_RETAIN_SELF = YES;
				CLANG_WARN_OBJC_LITERAL_CONVERSION = YES;
				CLANG_WARN_OBJC_ROOT_CLASS = YES_ERROR;
				CLANG_WARN_QUOTED_INCLUDE_IN_FRAMEWORK_HEADER = YES;
				CLANG_WARN_RANGE_LOOP_ANALYSIS = YES;
				CLANG_WARN_STRICT_PROTOTYPES = YES;
				CLANG_WARN_SUSPICIOUS_MOVE = YES;
				CLANG_WARN_UNGUARDED_AVAILABILITY = YES_AGGRESSIVE;
				CLANG_WARN_UNREACHABLE_CODE = YES;
				CLANG_WARN__DUPLICATE_METHOD_MATCH = YES;
				COPY_PHASE_STRIP = NO;
				DEBUG_INFORMATION_FORMAT = dwarf;
				ENABLE_STRICT_OBJC_MSGSEND = YES;
				ENABLE_TESTABILITY = YES;
				GCC_C_LANGUAGE_STANDARD = gnu11;
				GCC_DYNAMIC_NO_PIC = NO;
				GCC_NO_COMMON_BLOCKS = YES;
				GCC_OPTIMIZATION_LEVEL = 0;
				GCC_PREPROCESSOR_DEFINITIONS = (
					"DEBUG=1",
					"$(inherited)",
				);
				GCC_WARN_64_TO_32_BIT_CONVERSION = YES;
				GCC_WARN_ABOUT_RETURN_TYPE = YES_ERROR;
				GCC_WARN_UNDECLARED_SELECTOR = YES;
				GCC_WARN_UNINITIALIZED_AUTOS = YES_AGGRESSIVE;
				GCC_WARN_UNUSED_FUNCTION = YES;
				GCC_WARN_UNUSED_VARIABLE = YES;
				IPHONEOS_DEPLOYMENT_TARGET = 14.5;
				MTL_ENABLE_DEBUG_INFO = INCLUDE_SOURCE;
				MTL_FAST_MATH = YES;
				ONLY_ACTIVE_ARCH = YES;
				SDKROOT = iphoneos;
				SWIFT_ACTIVE_COMPILATION_CONDITIONS = DEBUG;
				SWIFT_OPTIMIZATION_LEVEL = "-Onone";
			};
			name = Debug;
		};
		DB746A322666D09B0067280D /* Release */ = {
			isa = XCBuildConfiguration;
			buildSettings = {
				ALWAYS_SEARCH_USER_PATHS = NO;
				CLANG_ANALYZER_NONNULL = YES;
				CLANG_ANALYZER_NUMBER_OBJECT_CONVERSION = YES_AGGRESSIVE;
				CLANG_CXX_LANGUAGE_STANDARD = "gnu++14";
				CLANG_CXX_LIBRARY = "libc++";
				CLANG_ENABLE_MODULES = YES;
				CLANG_ENABLE_OBJC_ARC = YES;
				CLANG_ENABLE_OBJC_WEAK = YES;
				CLANG_WARN_BLOCK_CAPTURE_AUTORELEASING = YES;
				CLANG_WARN_BOOL_CONVERSION = YES;
				CLANG_WARN_COMMA = YES;
				CLANG_WARN_CONSTANT_CONVERSION = YES;
				CLANG_WARN_DEPRECATED_OBJC_IMPLEMENTATIONS = YES;
				CLANG_WARN_DIRECT_OBJC_ISA_USAGE = YES_ERROR;
				CLANG_WARN_DOCUMENTATION_COMMENTS = YES;
				CLANG_WARN_EMPTY_BODY = YES;
				CLANG_WARN_ENUM_CONVERSION = YES;
				CLANG_WARN_INFINITE_RECURSION = YES;
				CLANG_WARN_INT_CONVERSION = YES;
				CLANG_WARN_NON_LITERAL_NULL_CONVERSION = YES;
				CLANG_WARN_OBJC_IMPLICIT_RETAIN_SELF = YES;
				CLANG_WARN_OBJC_LITERAL_CONVERSION = YES;
				CLANG_WARN_OBJC_ROOT_CLASS = YES_ERROR;
				CLANG_WARN_QUOTED_INCLUDE_IN_FRAMEWORK_HEADER = YES;
				CLANG_WARN_RANGE_LOOP_ANALYSIS = YES;
				CLANG_WARN_STRICT_PROTOTYPES = YES;
				CLANG_WARN_SUSPICIOUS_MOVE = YES;
				CLANG_WARN_UNGUARDED_AVAILABILITY = YES_AGGRESSIVE;
				CLANG_WARN_UNREACHABLE_CODE = YES;
				CLANG_WARN__DUPLICATE_METHOD_MATCH = YES;
				COPY_PHASE_STRIP = NO;
				DEBUG_INFORMATION_FORMAT = "dwarf-with-dsym";
				ENABLE_NS_ASSERTIONS = NO;
				ENABLE_STRICT_OBJC_MSGSEND = YES;
				GCC_C_LANGUAGE_STANDARD = gnu11;
				GCC_NO_COMMON_BLOCKS = YES;
				GCC_WARN_64_TO_32_BIT_CONVERSION = YES;
				GCC_WARN_ABOUT_RETURN_TYPE = YES_ERROR;
				GCC_WARN_UNDECLARED_SELECTOR = YES;
				GCC_WARN_UNINITIALIZED_AUTOS = YES_AGGRESSIVE;
				GCC_WARN_UNUSED_FUNCTION = YES;
				GCC_WARN_UNUSED_VARIABLE = YES;
				IPHONEOS_DEPLOYMENT_TARGET = 14.5;
				MTL_ENABLE_DEBUG_INFO = NO;
				MTL_FAST_MATH = YES;
				SDKROOT = iphoneos;
				SWIFT_COMPILATION_MODE = wholemodule;
				SWIFT_OPTIMIZATION_LEVEL = "-O";
				VALIDATE_PRODUCT = YES;
			};
			name = Release;
		};
		DB746A342666D09B0067280D /* Debug */ = {
			isa = XCBuildConfiguration;
			buildSettings = {
				ASSETCATALOG_COMPILER_APPICON_NAME = AppIcon;
				ASSETCATALOG_COMPILER_GLOBAL_ACCENT_COLOR_NAME = AccentColor;
				CODE_SIGN_STYLE = Automatic;
				DEVELOPMENT_ASSET_PATHS = "\"Swift/Preview Content\"";
				ENABLE_PREVIEWS = YES;
				INFOPLIST_FILE = Swift/Info.plist;
				IPHONEOS_DEPLOYMENT_TARGET = 14.0;
				LD_RUNPATH_SEARCH_PATHS = (
					"$(inherited)",
					"@executable_path/Frameworks",
				);
				PRODUCT_BUNDLE_IDENTIFIER = none.Swift;
				PRODUCT_NAME = "$(TARGET_NAME)";
				SWIFT_VERSION = 5.0;
				TARGETED_DEVICE_FAMILY = "1,2";
			};
			name = Debug;
		};
		DB746A352666D09B0067280D /* Release */ = {
			isa = XCBuildConfiguration;
			buildSettings = {
				ASSETCATALOG_COMPILER_APPICON_NAME = AppIcon;
				ASSETCATALOG_COMPILER_GLOBAL_ACCENT_COLOR_NAME = AccentColor;
				CODE_SIGN_STYLE = Automatic;
				DEVELOPMENT_ASSET_PATHS = "\"Swift/Preview Content\"";
				ENABLE_PREVIEWS = YES;
				INFOPLIST_FILE = Swift/Info.plist;
				IPHONEOS_DEPLOYMENT_TARGET = 14.0;
				LD_RUNPATH_SEARCH_PATHS = (
					"$(inherited)",
					"@executable_path/Frameworks",
				);
				PRODUCT_BUNDLE_IDENTIFIER = none.Swift;
				PRODUCT_NAME = "$(TARGET_NAME)";
				SWIFT_VERSION = 5.0;
				TARGETED_DEVICE_FAMILY = "1,2";
			};
			name = Release;
		};
/* End XCBuildConfiguration section */

/* Begin XCConfigurationList section */
		DB746A1F2666D0970067280D /* Build configuration list for PBXProject "proyecto" */ = {
			isa = XCConfigurationList;
			buildConfigurations = (
				DB746A312666D09B0067280D /* Debug */,
				DB746A322666D09B0067280D /* Release */,
			);
			defaultConfigurationIsVisible = 0;
			defaultConfigurationName = Release;
		};
		DB746A332666D09B0067280D /* Build configuration list for PBXNativeTarget "proyecto" */ = {
			isa = XCConfigurationList;
			buildConfigurations = (
				DB746A342666D09B0067280D /* Debug */,
				DB746A352666D09B0067280D /* Release */,
			);
			defaultConfigurationIsVisible = 0;
			defaultConfigurationName = Release;
		};
/* End XCConfigurationList section */
	};
	rootObject = DB746A1C2666D0970067280D /* Project object */;
}
